<?xml version="1.0" encoding="utf-8"?>
<Project ToolsVersion="4.0" xmlns="http://schemas.microsoft.com/developer/msbuild/2003">
  <ItemGroup>
    <Filter Include="Source Files">
      <UniqueIdentifier>{4FC737F1-C7A5-4376-A066-2A32D752A2FF}</UniqueIdentifier>
      <Extensions>cpp;c;cc;cxx;def;odl;idl;hpj;bat;asm;asmx</Extensions>
    </Filter>
    <Filter Include="Header Files">
      <UniqueIdentifier>{93995380-89BD-4b04-88EB-625FBE52EBFB}</UniqueIdentifier>
      <Extensions>h;hh;hpp;hxx;hm;inl;inc;xsd</Extensions>
    </Filter>
    <Filter Include="Resource Files">
      <UniqueIdentifier>{67DA6AB6-F800-4c08-8B7A-83BB121AAD01}</UniqueIdentifier>
      <Extensions>rc;ico;cur;bmp;dlg;rc2;rct;bin;rgs;gif;jpg;jpeg;jpe;resx;tiff;tif;png;wav;mfcribbon-ms</Extensions>
    </Filter>
    <Filter Include="sregex">
      <UniqueIdentifier>{5bc960aa-88eb-4066-adf7-06415bd94c42}</UniqueIdentifier>
    </Filter>
  </ItemGroup>
  <ItemGroup>
    <ClInclude Include="stdafx.h">
      <Filter>Header Files</Filter>
    </ClInclude>
    <ClInclude Include="targetver.h">
      <Filter>Header Files</Filter>
    </ClInclude>
    <ClInclude Include="file_enum.h">
      <Filter>Header Files</Filter>
    </ClInclude>
    <ClInclude Include="task.h">
      <Filter>Header Files</Filter>
    </ClInclude>
    <ClInclude Include="file_reader.h">
      <Filter>Header Files</Filter>
    </ClInclude>
    <ClInclude Include="file_reader_proxy.h">
      <Filter>Header Files</Filter>
    </ClInclude>
    <ClInclude Include="data_provider.h">
      <Filter>Header Files</Filter>
    </ClInclude>
    <ClInclude Include="data_consumer.h">
      <Filter>Header Files</Filter>
    </ClInclude>
    <ClInclude Include="file_id.h">
      <Filter>Header Files</Filter>
    </ClInclude>
    <ClInclude Include="file_reader_result.h">
      <Filter>Header Files</Filter>
    </ClInclude>
    <ClInclude Include="processing_context.h">
      <Filter>Header Files</Filter>
    </ClInclude>
    <ClInclude Include="processing_manager.h">
      <Filter>Header Files</Filter>
    </ClInclude>
    <ClInclude Include="..\sregex\src\sregex\ddebug.h">
      <Filter>sregex</Filter>
    </ClInclude>
    <ClInclude Include="..\sregex\src\sregex\sre_capture.h">
      <Filter>sregex</Filter>
    </ClInclude>
    <ClInclude Include="..\sregex\src\sregex\sre_core.h">
      <Filter>sregex</Filter>
    </ClInclude>
    <ClInclude Include="..\sregex\src\sregex\sre_palloc.h">
      <Filter>sregex</Filter>
    </ClInclude>
    <ClInclude Include="..\sregex\src\sregex\sre_regex.h">
      <Filter>sregex</Filter>
    </ClInclude>
    <ClInclude Include="..\sregex\src\sregex\sre_vm_bytecode.h">
      <Filter>sregex</Filter>
    </ClInclude>
    <ClInclude Include="..\sregex\src\sregex\sre_vm_thompson.h">
      <Filter>sregex</Filter>
    </ClInclude>
    <ClInclude Include="..\sregex\src\sregex\sre_vm_thompson_x64.h">
      <Filter>sregex</Filter>
    </ClInclude>
    <ClInclude Include="..\sregex\src\sregex\sre_yyparser.h">
      <Filter>sregex</Filter>
    </ClInclude>
    <ClInclude Include="..\sregex\src\sregex\sregex.h">
      <Filter>sregex</Filter>
    </ClInclude>
  </ItemGroup>
  <ItemGroup>
    <ClCompile Include="stdafx.cpp">
      <Filter>Source Files</Filter>
    </ClCompile>
    <ClCompile Include="ConsoleApplication1.cpp">
      <Filter>Source Files</Filter>
    </ClCompile>
    <ClCompile Include="file_enum.cpp">
      <Filter>Source Files</Filter>
    </ClCompile>
    <ClCompile Include="task.cpp">
      <Filter>Source Files</Filter>
    </ClCompile>
    <ClCompile Include="file_reader.cpp">
      <Filter>Source Files</Filter>
    </ClCompile>
    <ClCompile Include="file_reader_proxy.cpp">
      <Filter>Source Files</Filter>
    </ClCompile>
    <ClCompile Include="data_provider.cpp">
      <Filter>Source Files</Filter>
    </ClCompile>
    <ClCompile Include="processing_manager.cpp">
      <Filter>Source Files</Filter>
    </ClCompile>
    <ClCompile Include="..\sregex\src\sregex\sre_capture.c">
      <Filter>sregex</Filter>
    </ClCompile>
    <ClCompile Include="..\sregex\src\sregex\sre_palloc.c">
      <Filter>sregex</Filter>
    </ClCompile>
    <ClCompile Include="..\sregex\src\sregex\sre_regex.c">
      <Filter>sregex</Filter>
    </ClCompile>
    <ClCompile Include="..\sregex\src\sregex\sre_regex_compiler.c">
      <Filter>sregex</Filter>
    </ClCompile>
    <ClCompile Include="..\sregex\src\sregex\sre_vm_bytecode.c">
      <Filter>sregex</Filter>
    </ClCompile>
    <ClCompile Include="..\sregex\src\sregex\sre_vm_pike.c">
      <Filter>sregex</Filter>
    </ClCompile>
    <ClCompile Include="..\sregex\src\sregex\sre_vm_thompson.c">
      <Filter>sregex</Filter>
    </ClCompile>
    <ClCompile Include="..\sregex\src\sregex\sre_vm_thompson_jit.c">
      <Filter>sregex</Filter>
    </ClCompile>
    <ClCompile Include="..\sregex\src\sregex\sre_yyparser.c">
      <Filter>sregex</Filter>
    </ClCompile>
  </ItemGroup>
</Project>